
Microsoft Visual Studio Solution File, Format Version 12.00
# Visual Studio Version 17
VisualStudioVersion = 17.13.35931.197 d17.13
MinimumVisualStudioVersion = 10.0.40219.1
Project("{FAE04EC0-301F-11D3-BF4B-00C04F79EFBC}") = "P7", "P7\P7.csproj", "{1D510B68-685E-4613-9FF6-D7EA4BC321E5}"
EndProject
Global
	GlobalSection(SolutionConfigurationPlatforms) = preSolution
		Debug|Any CPU = Debug|Any CPU
		Release|Any CPU = Release|Any CPU
	EndGlobalSection
	GlobalSection(ProjectConfigurationPlatforms) = postSolution
		{1D510B68-685E-4613-9FF6-D7EA4BC321E5}.Debug|Any CPU.ActiveCfg = Debug|Any CPU
		{1D510B68-685E-4613-9FF6-D7EA4BC321E5}.Debug|Any CPU.Build.0 = Debug|Any CPU
		{1D510B68-685E-4613-9FF6-D7EA4BC321E5}.Release|Any CPU.ActiveCfg = Release|Any CPU
		{1D510B68-685E-4613-9FF6-D7EA4BC321E5}.Release|Any CPU.Build.0 = Release|Any CPU
	EndGlobalSection
	GlobalSection(SolutionProperties) = preSolution
		HideSolutionNode = FALSE
	EndGlobalSection
	GlobalSection(ExtensibilityGlobals) = postSolution
		SolutionGuid = {4DD8DF3D-0315-47F7-8D75-9F5D6B0F8075}
	EndGlobalSection
EndGlobal
